
Microsoft Visual Studio Solution File, Format Version 12.00
# Visual Studio Version 17
VisualStudioVersion = 17.2.32630.192
MinimumVisualStudioVersion = 10.0.40219.1
Project("{9A19103F-16F7-4668-BE54-9A1E7A4F7556}") = "ProcessHunter", "ProcessHunter\ProcessHunter.csproj", "{D5032AFB-B34B-42FD-9C21-A6EDD90B0D7D}"
EndProject
Global
	GlobalSection(SolutionConfigurationPlatforms) = preSolution
		Debug|Any CPU = Debug|Any CPU
		Debug|x64 = Debug|x64
		Release|Any CPU = Release|Any CPU
		Release|x64 = Release|x64
	EndGlobalSection
	GlobalSection(ProjectConfigurationPlatforms) = postSolution
		{D5032AFB-B34B-42FD-9C21-A6EDD90B0D7D}.Debug|Any CPU.ActiveCfg = Debug|Any CPU
		{D5032AFB-B34B-42FD-9C21-A6EDD90B0D7D}.Debug|x64.ActiveCfg = Debug|x64
		{D5032AFB-B34B-42FD-9C21-A6EDD90B0D7D}.Debug|x64.Build.0 = Debug|x64
		{D5032AFB-B34B-42FD-9C21-A6EDD90B0D7D}.Release|Any CPU.ActiveCfg = Release|Any CPU
		{D5032AFB-B34B-42FD-9C21-A6EDD90B0D7D}.Release|Any CPU.Build.0 = Release|Any CPU
		{D5032AFB-B34B-42FD-9C21-A6EDD90B0D7D}.Release|x64.ActiveCfg = Release|x64
		{D5032AFB-B34B-42FD-9C21-A6EDD90B0D7D}.Release|x64.Build.0 = Release|x64
	EndGlobalSection
	GlobalSection(SolutionProperties) = preSolution
		HideSolutionNode = FALSE
	EndGlobalSection
	GlobalSection(ExtensibilityGlobals) = postSolution
		SolutionGuid = {65DC0601-9207-4A38-A710-9B9141E957E8}
	EndGlobalSection
EndGlobal
